
Microsoft Visual Studio Solution File, Format Version 12.00
# Visual Studio Version 17
VisualStudioVersion = 17.5.33424.131
MinimumVisualStudioVersion = 10.0.40219.1
Project("{FAE04EC0-301F-11D3-BF4B-00C04F79EFBC}") = "DipoleDacCustomerAgentBackend", "DipoleDacCustomerAgentBackend.csproj", "{C9F8F86A-9574-4092-8CEE-21E4F1B9B4C9}"
EndProject
Project("{FAE04EC0-301F-11D3-BF4B-00C04F79EFBC}") = "DacBackend.Data", "..\DacBackend.Data\DacBackend.Data.csproj", "{11CA1A12-5CE8-491A-80F1-29BC3F142AF8}"
EndProject
Project("{FAE04EC0-301F-11D3-BF4B-00C04F79EFBC}") = "DacBackend.Model", "..\DacBackend.Model\DacBackend.Model.csproj", "{A040255C-410C-4FBC-A5EC-D849A0E731CF}"
EndProject
Global
	GlobalSection(SolutionConfigurationPlatforms) = preSolution
		Debug|Any CPU = Debug|Any CPU
		Release|Any CPU = Release|Any CPU
	EndGlobalSection
	GlobalSection(ProjectConfigurationPlatforms) = postSolution
		{C9F8F86A-9574-4092-8CEE-21E4F1B9B4C9}.Debug|Any CPU.ActiveCfg = Debug|Any CPU
		{C9F8F86A-9574-4092-8CEE-21E4F1B9B4C9}.Debug|Any CPU.Build.0 = Debug|Any CPU
		{C9F8F86A-9574-4092-8CEE-21E4F1B9B4C9}.Release|Any CPU.ActiveCfg = Release|Any CPU
		{C9F8F86A-9574-4092-8CEE-21E4F1B9B4C9}.Release|Any CPU.Build.0 = Release|Any CPU
		{11CA1A12-5CE8-491A-80F1-29BC3F142AF8}.Debug|Any CPU.ActiveCfg = Debug|Any CPU
		{11CA1A12-5CE8-491A-80F1-29BC3F142AF8}.Debug|Any CPU.Build.0 = Debug|Any CPU
		{11CA1A12-5CE8-491A-80F1-29BC3F142AF8}.Release|Any CPU.ActiveCfg = Release|Any CPU
		{11CA1A12-5CE8-491A-80F1-29BC3F142AF8}.Release|Any CPU.Build.0 = Release|Any CPU
		{A040255C-410C-4FBC-A5EC-D849A0E731CF}.Debug|Any CPU.ActiveCfg = Debug|Any CPU
		{A040255C-410C-4FBC-A5EC-D849A0E731CF}.Debug|Any CPU.Build.0 = Debug|Any CPU
		{A040255C-410C-4FBC-A5EC-D849A0E731CF}.Release|Any CPU.ActiveCfg = Release|Any CPU
		{A040255C-410C-4FBC-A5EC-D849A0E731CF}.Release|Any CPU.Build.0 = Release|Any CPU
	EndGlobalSection
	GlobalSection(SolutionProperties) = preSolution
		HideSolutionNode = FALSE
	EndGlobalSection
	GlobalSection(ExtensibilityGlobals) = postSolution
		SolutionGuid = {494B088D-505C-4838-A220-AD704226DFE6}
	EndGlobalSection
EndGlobal
